<?xml version="1.0" encoding="utf-8"?>
<Project ToolsVersion="4.0" xmlns="http://schemas.microsoft.com/developer/msbuild/2003">
  <ItemGroup>
    <Filter Include="ソース ファイル">
      <UniqueIdentifier>{4FC737F1-C7A5-4376-A066-2A32D752A2FF}</UniqueIdentifier>
      <Extensions>cpp;c;cc;cxx;def;odl;idl;hpj;bat;asm;asmx</Extensions>
    </Filter>
    <Filter Include="ヘッダー ファイル">
      <UniqueIdentifier>{93995380-89BD-4b04-88EB-625FBE52EBFB}</UniqueIdentifier>
      <Extensions>h;hh;hpp;hxx;hm;inl;inc;xsd</Extensions>
    </Filter>
    <Filter Include="リソース ファイル">
      <UniqueIdentifier>{67DA6AB6-F800-4c08-8B7A-83BB121AAD01}</UniqueIdentifier>
      <Extensions>rc;ico;cur;bmp;dlg;rc2;rct;bin;rgs;gif;jpg;jpeg;jpe;resx;tiff;tif;png;wav;mfcribbon-ms</Extensions>
    </Filter>
  </ItemGroup>
  <ItemGroup>
    <ClCompile Include="src\jp\ggaf\dxcore\actor\camera\GgafDxCamera.cpp">
      <Filter>ソース ファイル</Filter>
    </ClCompile>
    <ClCompile Include="src\jp\ggaf\dxcore\actor\camera\GgafDxCameraUpVector.cpp">
      <Filter>ソース ファイル</Filter>
    </ClCompile>
    <ClCompile Include="src\jp\ggaf\dxcore\actor\camera\GgafDxCameraViewPoint.cpp">
      <Filter>ソース ファイル</Filter>
    </ClCompile>
    <ClCompile Include="src\jp\ggaf\dxcore\actor\ex\GgafDxAABActor.cpp">
      <Filter>ソース ファイル</Filter>
    </ClCompile>
    <ClCompile Include="src\jp\ggaf\dxcore\actor\ex\GgafDxAAPrismActor.cpp">
      <Filter>ソース ファイル</Filter>
    </ClCompile>
    <ClCompile Include="src\jp\ggaf\dxcore\actor\ex\GgafDxAAPyramidActor.cpp">
      <Filter>ソース ファイル</Filter>
    </ClCompile>
    <ClCompile Include="src\jp\ggaf\dxcore\actor\ex\GgafDxCubeMapMeshActor.cpp">
      <Filter>ソース ファイル</Filter>
    </ClCompile>
    <ClCompile Include="src\jp\ggaf\dxcore\actor\ex\GgafDxCubeMapMeshSetActor.cpp">
      <Filter>ソース ファイル</Filter>
    </ClCompile>
    <ClCompile Include="src\jp\ggaf\dxcore\actor\ex\GgafDxCubeMapMorphMeshActor.cpp">
      <Filter>ソース ファイル</Filter>
    </ClCompile>
    <ClCompile Include="src\jp\ggaf\dxcore\actor\ex\GgafDxFkFormation.cpp">
      <Filter>ソース ファイル</Filter>
    </ClCompile>
    <ClCompile Include="src\jp\ggaf\dxcore\actor\ex\GgafDxSphereActor.cpp">
      <Filter>ソース ファイル</Filter>
    </ClCompile>
    <ClCompile Include="src\jp\ggaf\dxcore\actor\ex\GgafDxSpriteMeshActor.cpp">
      <Filter>ソース ファイル</Filter>
    </ClCompile>
    <ClCompile Include="src\jp\ggaf\dxcore\actor\ex\GgafDxSpriteMeshSetActor.cpp">
      <Filter>ソース ファイル</Filter>
    </ClCompile>
    <ClCompile Include="src\jp\ggaf\dxcore\actor\ex\GgafDxWorldBoundActor.cpp">
      <Filter>ソース ファイル</Filter>
    </ClCompile>
    <ClCompile Include="src\jp\ggaf\dxcore\actor\interface\GgafDxIBumpMapActor.cpp">
      <Filter>ソース ファイル</Filter>
    </ClCompile>
    <ClCompile Include="src\jp\ggaf\dxcore\actor\interface\GgafDxICubeMapActor.cpp">
      <Filter>ソース ファイル</Filter>
    </ClCompile>
    <ClCompile Include="src\jp\ggaf\dxcore\actor\supporter\GgafDxAlphaFader.cpp">
      <Filter>ソース ファイル</Filter>
    </ClCompile>
    <ClCompile Include="src\jp\ggaf\dxcore\actor\supporter\GgafDxAxesMover.cpp">
      <Filter>ソース ファイル</Filter>
    </ClCompile>
    <ClCompile Include="src\jp\ggaf\dxcore\actor\supporter\GgafDxAxesMoverAssistantA.cpp">
      <Filter>ソース ファイル</Filter>
    </ClCompile>
    <ClCompile Include="src\jp\ggaf\dxcore\actor\supporter\GgafDxChecker.cpp">
      <Filter>ソース ファイル</Filter>
    </ClCompile>
    <ClCompile Include="src\jp\ggaf\dxcore\actor\supporter\GgafDxColorist.cpp">
      <Filter>ソース ファイル</Filter>
    </ClCompile>
    <ClCompile Include="src\jp\ggaf\dxcore\actor\supporter\GgafDxKuroko.cpp">
      <Filter>ソース ファイル</Filter>
    </ClCompile>
    <ClCompile Include="src\jp\ggaf\dxcore\actor\supporter\GgafDxKurokoFaceAngAssistant.cpp">
      <Filter>ソース ファイル</Filter>
    </ClCompile>
    <ClCompile Include="src\jp\ggaf\dxcore\actor\supporter\GgafDxKurokoMvAngAssistant.cpp">
      <Filter>ソース ファイル</Filter>
    </ClCompile>
    <ClCompile Include="src\jp\ggaf\dxcore\actor\supporter\GgafDxKurokoMvAssistant.cpp">
      <Filter>ソース ファイル</Filter>
    </ClCompile>
    <ClCompile Include="src\jp\ggaf\dxcore\actor\supporter\GgafDxPuppeteer.cpp">
      <Filter>ソース ファイル</Filter>
    </ClCompile>
    <ClCompile Include="src\jp\ggaf\dxcore\actor\supporter\GgafDxScaler.cpp">
      <Filter>ソース ファイル</Filter>
    </ClCompile>
    <ClCompile Include="src\jp\ggaf\dxcore\actor\supporter\GgafDxSeTransmitterForActor.cpp">
      <Filter>ソース ファイル</Filter>
    </ClCompile>
    <ClCompile Include="src\jp\ggaf\dxcore\actor\supporter\GgafDxUvFlipper.cpp">
      <Filter>ソース ファイル</Filter>
    </ClCompile>
    <ClCompile Include="src\jp\ggaf\dxcore\actor\GgafDxBaseActor.cpp">
      <Filter>ソース ファイル</Filter>
    </ClCompile>
    <ClCompile Include="src\jp\ggaf\dxcore\actor\GgafDxBoardActor.cpp">
      <Filter>ソース ファイル</Filter>
    </ClCompile>
    <ClCompile Include="src\jp\ggaf\dxcore\actor\GgafDxBoardSetActor.cpp">
      <Filter>ソース ファイル</Filter>
    </ClCompile>
    <ClCompile Include="src\jp\ggaf\dxcore\actor\GgafDxD3DXAniMeshActor.cpp">
      <Filter>ソース ファイル</Filter>
    </ClCompile>
    <ClCompile Include="src\jp\ggaf\dxcore\actor\GgafDxD3DXMeshActor.cpp">
      <Filter>ソース ファイル</Filter>
    </ClCompile>
    <ClCompile Include="src\jp\ggaf\dxcore\actor\GgafDxDynaD3DXMeshActor.cpp">
      <Filter>ソース ファイル</Filter>
    </ClCompile>
    <ClCompile Include="src\jp\ggaf\dxcore\actor\GgafDxFigureActor.cpp">
      <Filter>ソース ファイル</Filter>
    </ClCompile>
    <ClCompile Include="src\jp\ggaf\dxcore\actor\GgafDxGeometricActor.cpp">
      <Filter>ソース ファイル</Filter>
    </ClCompile>
    <ClCompile Include="src\jp\ggaf\dxcore\actor\GgafDxMassActor.cpp">
      <Filter>ソース ファイル</Filter>
    </ClCompile>
    <ClCompile Include="src\jp\ggaf\dxcore\actor\GgafDxMassBoardActor.cpp">
      <Filter>ソース ファイル</Filter>
    </ClCompile>
    <ClCompile Include="src\jp\ggaf\dxcore\actor\GgafDxMassMeshActor.cpp">
      <Filter>ソース ファイル</Filter>
    </ClCompile>
    <ClCompile Include="src\jp\ggaf\dxcore\actor\GgafDxMassMorphMeshActor.cpp">
      <Filter>ソース ファイル</Filter>
    </ClCompile>
    <ClCompile Include="src\jp\ggaf\dxcore\actor\GgafDxMassPointSpriteActor.cpp">
      <Filter>ソース ファイル</Filter>
    </ClCompile>
    <ClCompile Include="src\jp\ggaf\dxcore\actor\GgafDxMassSpriteActor.cpp">
      <Filter>ソース ファイル</Filter>
    </ClCompile>
    <ClCompile Include="src\jp\ggaf\dxcore\actor\GgafDxMeshActor.cpp">
      <Filter>ソース ファイル</Filter>
    </ClCompile>
    <ClCompile Include="src\jp\ggaf\dxcore\actor\GgafDxMeshSetActor.cpp">
      <Filter>ソース ファイル</Filter>
    </ClCompile>
    <ClCompile Include="src\jp\ggaf\dxcore\actor\GgafDxMorphMeshActor.cpp">
      <Filter>ソース ファイル</Filter>
    </ClCompile>
    <ClCompile Include="src\jp\ggaf\dxcore\actor\GgafDxPointSpriteActor.cpp">
      <Filter>ソース ファイル</Filter>
    </ClCompile>
    <ClCompile Include="src\jp\ggaf\dxcore\actor\GgafDxPointSpriteSetActor.cpp">
      <Filter>ソース ファイル</Filter>
    </ClCompile>
    <ClCompile Include="src\jp\ggaf\dxcore\actor\GgafDxSpriteActor.cpp">
      <Filter>ソース ファイル</Filter>
    </ClCompile>
    <ClCompile Include="src\jp\ggaf\dxcore\actor\GgafDxSpriteSetActor.cpp">
      <Filter>ソース ファイル</Filter>
    </ClCompile>
    <ClCompile Include="src\jp\ggaf\dxcore\effect\ex\GgafDxCubeMapMeshEffect.cpp">
      <Filter>ソース ファイル</Filter>
    </ClCompile>
    <ClCompile Include="src\jp\ggaf\dxcore\effect\ex\GgafDxCubeMapMeshSetEffect.cpp">
      <Filter>ソース ファイル</Filter>
    </ClCompile>
    <ClCompile Include="src\jp\ggaf\dxcore\effect\ex\GgafDxCubeMapMorphMeshEffect.cpp">
      <Filter>ソース ファイル</Filter>
    </ClCompile>
    <ClCompile Include="src\jp\ggaf\dxcore\effect\ex\GgafDxWorldBoundEffect.cpp">
      <Filter>ソース ファイル</Filter>
    </ClCompile>
    <ClCompile Include="src\jp\ggaf\dxcore\effect\GgafDxBoardEffect.cpp">
      <Filter>ソース ファイル</Filter>
    </ClCompile>
    <ClCompile Include="src\jp\ggaf\dxcore\effect\GgafDxBoardSetEffect.cpp">
      <Filter>ソース ファイル</Filter>
    </ClCompile>
    <ClCompile Include="src\jp\ggaf\dxcore\effect\GgafDxD3DXAniMeshEffect.cpp">
      <Filter>ソース ファイル</Filter>
    </ClCompile>
    <ClCompile Include="src\jp\ggaf\dxcore\effect\GgafDxEffect.cpp">
      <Filter>ソース ファイル</Filter>
    </ClCompile>
    <ClCompile Include="src\jp\ggaf\dxcore\effect\GgafDxMassBoardEffect.cpp">
      <Filter>ソース ファイル</Filter>
    </ClCompile>
    <ClCompile Include="src\jp\ggaf\dxcore\effect\GgafDxMassEffect.cpp">
      <Filter>ソース ファイル</Filter>
    </ClCompile>
    <ClCompile Include="src\jp\ggaf\dxcore\effect\GgafDxMassMeshEffect.cpp">
      <Filter>ソース ファイル</Filter>
    </ClCompile>
    <ClCompile Include="src\jp\ggaf\dxcore\effect\GgafDxMassMorphMeshEffect.cpp">
      <Filter>ソース ファイル</Filter>
    </ClCompile>
    <ClCompile Include="src\jp\ggaf\dxcore\effect\GgafDxMassPointSpriteEffect.cpp">
      <Filter>ソース ファイル</Filter>
    </ClCompile>
    <ClCompile Include="src\jp\ggaf\dxcore\effect\GgafDxMassSpriteEffect.cpp">
      <Filter>ソース ファイル</Filter>
    </ClCompile>
    <ClCompile Include="src\jp\ggaf\dxcore\effect\GgafDxMeshEffect.cpp">
      <Filter>ソース ファイル</Filter>
    </ClCompile>
    <ClCompile Include="src\jp\ggaf\dxcore\effect\GgafDxMeshSetEffect.cpp">
      <Filter>ソース ファイル</Filter>
    </ClCompile>
    <ClCompile Include="src\jp\ggaf\dxcore\effect\GgafDxMorphMeshEffect.cpp">
      <Filter>ソース ファイル</Filter>
    </ClCompile>
    <ClCompile Include="src\jp\ggaf\dxcore\effect\GgafDxPointSpriteEffect.cpp">
      <Filter>ソース ファイル</Filter>
    </ClCompile>
    <ClCompile Include="src\jp\ggaf\dxcore\effect\GgafDxPointSpriteSetEffect.cpp">
      <Filter>ソース ファイル</Filter>
    </ClCompile>
    <ClCompile Include="src\jp\ggaf\dxcore\effect\GgafDxSpriteEffect.cpp">
      <Filter>ソース ファイル</Filter>
    </ClCompile>
    <ClCompile Include="src\jp\ggaf\dxcore\effect\GgafDxSpriteSetEffect.cpp">
      <Filter>ソース ファイル</Filter>
    </ClCompile>
    <ClCompile Include="src\jp\ggaf\dxcore\exception\GgafDxCriticalException.cpp">
      <Filter>ソース ファイル</Filter>
    </ClCompile>
    <ClCompile Include="src\jp\ggaf\dxcore\manager\GgafDxBgmConnection.cpp">
      <Filter>ソース ファイル</Filter>
    </ClCompile>
    <ClCompile Include="src\jp\ggaf\dxcore\manager\GgafDxBgmManager.cpp">
      <Filter>ソース ファイル</Filter>
    </ClCompile>
    <ClCompile Include="src\jp\ggaf\dxcore\manager\GgafDxEffectConnection.cpp">
      <Filter>ソース ファイル</Filter>
    </ClCompile>
    <ClCompile Include="src\jp\ggaf\dxcore\manager\GgafDxEffectManager.cpp">
      <Filter>ソース ファイル</Filter>
    </ClCompile>
    <ClCompile Include="src\jp\ggaf\dxcore\manager\GgafDxModelConnection.cpp">
      <Filter>ソース ファイル</Filter>
    </ClCompile>
    <ClCompile Include="src\jp\ggaf\dxcore\manager\GgafDxModelManager.cpp">
      <Filter>ソース ファイル</Filter>
    </ClCompile>
    <ClCompile Include="src\jp\ggaf\dxcore\manager\GgafDxSeConnection.cpp">
      <Filter>ソース ファイル</Filter>
    </ClCompile>
    <ClCompile Include="src\jp\ggaf\dxcore\manager\GgafDxSeManager.cpp">
      <Filter>ソース ファイル</Filter>
    </ClCompile>
    <ClCompile Include="src\jp\ggaf\dxcore\manager\GgafDxTextureConnection.cpp">
      <Filter>ソース ファイル</Filter>
    </ClCompile>
    <ClCompile Include="src\jp\ggaf\dxcore\manager\GgafDxTextureManager.cpp">
      <Filter>ソース ファイル</Filter>
    </ClCompile>
    <ClCompile Include="src\jp\ggaf\dxcore\model\ex\GgafDxCubeMapMeshModel.cpp">
      <Filter>ソース ファイル</Filter>
    </ClCompile>
    <ClCompile Include="src\jp\ggaf\dxcore\model\ex\GgafDxCubeMapMeshSetModel.cpp">
      <Filter>ソース ファイル</Filter>
    </ClCompile>
    <ClCompile Include="src\jp\ggaf\dxcore\model\ex\GgafDxCubeMapMorphMeshModel.cpp">
      <Filter>ソース ファイル</Filter>
    </ClCompile>
    <ClCompile Include="src\jp\ggaf\dxcore\model\ex\GgafDxWorldBoundModel.cpp">
      <Filter>ソース ファイル</Filter>
    </ClCompile>
    <ClCompile Include="src\jp\ggaf\dxcore\model\supporter\GgafDxTextureBlinker.cpp">
      <Filter>ソース ファイル</Filter>
    </ClCompile>
    <ClCompile Include="src\jp\ggaf\dxcore\model\GgafDxBoardModel.cpp">
      <Filter>ソース ファイル</Filter>
    </ClCompile>
    <ClCompile Include="src\jp\ggaf\dxcore\model\GgafDxBoardSetModel.cpp">
      <Filter>ソース ファイル</Filter>
    </ClCompile>
    <ClCompile Include="src\jp\ggaf\dxcore\model\GgafDxD3DXAniMeshModel.cpp">
      <Filter>ソース ファイル</Filter>
    </ClCompile>
    <ClCompile Include="src\jp\ggaf\dxcore\model\GgafDxD3DXMeshModel.cpp">
      <Filter>ソース ファイル</Filter>
    </ClCompile>
    <ClCompile Include="src\jp\ggaf\dxcore\model\GgafDxMassBoardModel.cpp">
      <Filter>ソース ファイル</Filter>
    </ClCompile>
    <ClCompile Include="src\jp\ggaf\dxcore\model\GgafDxMassMeshModel.cpp">
      <Filter>ソース ファイル</Filter>
    </ClCompile>
    <ClCompile Include="src\jp\ggaf\dxcore\model\GgafDxMassModel.cpp">
      <Filter>ソース ファイル</Filter>
    </ClCompile>
    <ClCompile Include="src\jp\ggaf\dxcore\model\GgafDxMassMorphMeshModel.cpp">
      <Filter>ソース ファイル</Filter>
    </ClCompile>
    <ClCompile Include="src\jp\ggaf\dxcore\model\GgafDxMassPointSpriteModel.cpp">
      <Filter>ソース ファイル</Filter>
    </ClCompile>
    <ClCompile Include="src\jp\ggaf\dxcore\model\GgafDxMassSpriteModel.cpp">
      <Filter>ソース ファイル</Filter>
    </ClCompile>
    <ClCompile Include="src\jp\ggaf\dxcore\model\GgafDxMeshModel.cpp">
      <Filter>ソース ファイル</Filter>
    </ClCompile>
    <ClCompile Include="src\jp\ggaf\dxcore\model\GgafDxMeshSetModel.cpp">
      <Filter>ソース ファイル</Filter>
    </ClCompile>
    <ClCompile Include="src\jp\ggaf\dxcore\model\GgafDxModel.cpp">
      <Filter>ソース ファイル</Filter>
    </ClCompile>
    <ClCompile Include="src\jp\ggaf\dxcore\model\GgafDxMorphMeshModel.cpp">
      <Filter>ソース ファイル</Filter>
    </ClCompile>
    <ClCompile Include="src\jp\ggaf\dxcore\model\GgafDxPointSpriteModel.cpp">
      <Filter>ソース ファイル</Filter>
    </ClCompile>
    <ClCompile Include="src\jp\ggaf\dxcore\model\GgafDxPointSpriteSetModel.cpp">
      <Filter>ソース ファイル</Filter>
    </ClCompile>
    <ClCompile Include="src\jp\ggaf\dxcore\model\GgafDxSpriteModel.cpp">
      <Filter>ソース ファイル</Filter>
    </ClCompile>
    <ClCompile Include="src\jp\ggaf\dxcore\model\GgafDxSpriteSetModel.cpp">
      <Filter>ソース ファイル</Filter>
    </ClCompile>
    <ClCompile Include="src\jp\ggaf\dxcore\scene\supporter\GgafDxAlphaCurtain.cpp">
      <Filter>ソース ファイル</Filter>
    </ClCompile>
    <ClCompile Include="src\jp\ggaf\dxcore\scene\supporter\GgafDxBgmPerformerForScene.cpp">
      <Filter>ソース ファイル</Filter>
    </ClCompile>
    <ClCompile Include="src\jp\ggaf\dxcore\scene\GgafDxScene.cpp">
      <Filter>ソース ファイル</Filter>
    </ClCompile>
    <ClCompile Include="src\jp\ggaf\dxcore\scene\GgafDxSpacetime.cpp">
      <Filter>ソース ファイル</Filter>
    </ClCompile>
    <ClCompile Include="src\jp\ggaf\dxcore\sound\IkdLib\OggDecoder.cpp">
      <Filter>ソース ファイル</Filter>
    </ClCompile>
    <ClCompile Include="src\jp\ggaf\dxcore\sound\IkdLib\OggVorbisFile.cpp">
      <Filter>ソース ファイル</Filter>
    </ClCompile>
    <ClCompile Include="src\jp\ggaf\dxcore\sound\IkdLib\OggVorbisMemory.cpp">
      <Filter>ソース ファイル</Filter>
    </ClCompile>
    <ClCompile Include="src\jp\ggaf\dxcore\sound\IkdLib\PCMDecoder.cpp">
      <Filter>ソース ファイル</Filter>
    </ClCompile>
    <ClCompile Include="src\jp\ggaf\dxcore\sound\IkdLib\PCMPlayer.cpp">
      <Filter>ソース ファイル</Filter>
    </ClCompile>
    <ClCompile Include="src\jp\ggaf\dxcore\sound\CWaveDecorder.cpp">
      <Filter>ソース ファイル</Filter>
    </ClCompile>
    <ClCompile Include="src\jp\ggaf\dxcore\sound\GgafDxBgm.cpp">
      <Filter>ソース ファイル</Filter>
    </ClCompile>
    <ClCompile Include="src\jp\ggaf\dxcore\sound\GgafDxBgmPerformer.cpp">
      <Filter>ソース ファイル</Filter>
    </ClCompile>
    <ClCompile Include="src\jp\ggaf\dxcore\sound\GgafDxSe.cpp">
      <Filter>ソース ファイル</Filter>
    </ClCompile>
    <ClCompile Include="src\jp\ggaf\dxcore\sound\GgafDxSeTransmitter.cpp">
      <Filter>ソース ファイル</Filter>
    </ClCompile>
    <ClCompile Include="src\jp\ggaf\dxcore\sound\GgafDxSound.cpp">
      <Filter>ソース ファイル</Filter>
    </ClCompile>
    <ClCompile Include="src\jp\ggaf\dxcore\texture\GgafDxTexture.cpp">
      <Filter>ソース ファイル</Filter>
    </ClCompile>
    <ClCompile Include="src\jp\ggaf\dxcore\util\XFile\framework\Frm_Mesh.cpp">
      <Filter>ソース ファイル</Filter>
    </ClCompile>
    <ClCompile Include="src\jp\ggaf\dxcore\util\XFile\Toolbox\ioModel_X.cpp">
      <Filter>ソース ファイル</Filter>
    </ClCompile>
    <ClCompile Include="src\jp\ggaf\dxcore\util\GgafDx8DirectionUtil.cpp">
      <Filter>ソース ファイル</Filter>
    </ClCompile>
    <ClCompile Include="src\jp\ggaf\dxcore\util\GgafDx26DirectionUtil.cpp">
      <Filter>ソース ファイル</Filter>
    </ClCompile>
    <ClCompile Include="src\jp\ggaf\dxcore\util\GgafDxAllocHierarchy.cpp">
      <Filter>ソース ファイル</Filter>
    </ClCompile>
    <ClCompile Include="src\jp\ggaf\dxcore\util\GgafDxAllocHierarchyWorldFrame.cpp">
      <Filter>ソース ファイル</Filter>
    </ClCompile>
    <ClCompile Include="src\jp\ggaf\dxcore\util\GgafDxCollisionArea.cpp">
      <Filter>ソース ファイル</Filter>
    </ClCompile>
    <ClCompile Include="src\jp\ggaf\dxcore\util\GgafDxCollisionPart.cpp">
      <Filter>ソース ファイル</Filter>
    </ClCompile>
    <ClCompile Include="src\jp\ggaf\dxcore\util\GgafDxGeoElem.cpp">
      <Filter>ソース ファイル</Filter>
    </ClCompile>
    <ClCompile Include="src\jp\ggaf\dxcore\util\GgafDxInput.cpp">
      <Filter>ソース ファイル</Filter>
    </ClCompile>
    <ClCompile Include="src\jp\ggaf\dxcore\util\GgafDxQuaternion.cpp">
      <Filter>ソース ファイル</Filter>
    </ClCompile>
    <ClCompile Include="src\jp\ggaf\dxcore\util\GgafDxSphereRadiusVectors.cpp">
      <Filter>ソース ファイル</Filter>
    </ClCompile>
    <ClCompile Include="src\jp\ggaf\dxcore\util\GgafDxUtil.cpp">
      <Filter>ソース ファイル</Filter>
    </ClCompile>
    <ClCompile Include="src\jp\ggaf\dxcore\util\GgafDxWorldMatStack.cpp">
      <Filter>ソース ファイル</Filter>
    </ClCompile>
    <ClCompile Include="src\jp\ggaf\dxcore\GgafDxGod.cpp">
      <Filter>ソース ファイル</Filter>
    </ClCompile>
    <ClCompile Include="src\jp\ggaf\dxcore\GgafDxProperties.cpp">
      <Filter>ソース ファイル</Filter>
    </ClCompile>
    <ClCompile Include="src\jp\ggaf\dxcore\actor\GgafDxFramedBoardActor.cpp">
      <Filter>ソース ファイル</Filter>
    </ClCompile>
    <ClCompile Include="src\jp\ggaf\dxcore\effect\GgafDxFramedBoardEffect.cpp">
      <Filter>ソース ファイル</Filter>
    </ClCompile>
    <ClCompile Include="src\jp\ggaf\dxcore\model\GgafDxFramedBoardModel.cpp">
      <Filter>ソース ファイル</Filter>
    </ClCompile>
  </ItemGroup>
  <ItemGroup>
    <ClInclude Include="include\jp\ggaf\dxcore\actor\camera\ggafdxcamera.h">
      <Filter>ヘッダー ファイル</Filter>
    </ClInclude>
    <ClInclude Include="include\jp\ggaf\dxcore\actor\camera\ggafdxcameraupvector.h">
      <Filter>ヘッダー ファイル</Filter>
    </ClInclude>
    <ClInclude Include="include\jp\ggaf\dxcore\actor\camera\ggafdxcameraviewpoint.h">
      <Filter>ヘッダー ファイル</Filter>
    </ClInclude>
    <ClInclude Include="include\jp\ggaf\dxcore\actor\ex\ggafdxaabactor.h">
      <Filter>ヘッダー ファイル</Filter>
    </ClInclude>
    <ClInclude Include="include\jp\ggaf\dxcore\actor\ex\ggafdxaaprismactor.h">
      <Filter>ヘッダー ファイル</Filter>
    </ClInclude>
    <ClInclude Include="include\jp\ggaf\dxcore\actor\ex\GgafDxAAPyramidActor.h">
      <Filter>ヘッダー ファイル</Filter>
    </ClInclude>
    <ClInclude Include="include\jp\ggaf\dxcore\actor\ex\ggafdxcubemapmeshactor.h">
      <Filter>ヘッダー ファイル</Filter>
    </ClInclude>
    <ClInclude Include="include\jp\ggaf\dxcore\actor\ex\ggafdxcubemapmeshsetactor.h">
      <Filter>ヘッダー ファイル</Filter>
    </ClInclude>
    <ClInclude Include="include\jp\ggaf\dxcore\actor\ex\ggafdxcubemapmorphmeshactor.h">
      <Filter>ヘッダー ファイル</Filter>
    </ClInclude>
    <ClInclude Include="include\jp\ggaf\dxcore\actor\ex\ggafdxfkformation.h">
      <Filter>ヘッダー ファイル</Filter>
    </ClInclude>
    <ClInclude Include="include\jp\ggaf\dxcore\actor\ex\ggafdxsphereactor.h">
      <Filter>ヘッダー ファイル</Filter>
    </ClInclude>
    <ClInclude Include="include\jp\ggaf\dxcore\actor\ex\ggafdxspritemeshactor.h">
      <Filter>ヘッダー ファイル</Filter>
    </ClInclude>
    <ClInclude Include="include\jp\ggaf\dxcore\actor\ex\ggafdxspritemeshsetactor.h">
      <Filter>ヘッダー ファイル</Filter>
    </ClInclude>
    <ClInclude Include="include\jp\ggaf\dxcore\actor\ex\ggafdxworldboundactor.h">
      <Filter>ヘッダー ファイル</Filter>
    </ClInclude>
    <ClInclude Include="include\jp\ggaf\dxcore\actor\interface\ggafdxibumpmapactor.h">
      <Filter>ヘッダー ファイル</Filter>
    </ClInclude>
    <ClInclude Include="include\jp\ggaf\dxcore\actor\interface\ggafdxicubemapactor.h">
      <Filter>ヘッダー ファイル</Filter>
    </ClInclude>
    <ClInclude Include="include\jp\ggaf\dxcore\actor\supporter\ggafdxalphafader.h">
      <Filter>ヘッダー ファイル</Filter>
    </ClInclude>
    <ClInclude Include="include\jp\ggaf\dxcore\actor\supporter\ggafdxaxesmover.h">
      <Filter>ヘッダー ファイル</Filter>
    </ClInclude>
    <ClInclude Include="include\jp\ggaf\dxcore\actor\supporter\ggafdxaxesmoverassistanta.h">
      <Filter>ヘッダー ファイル</Filter>
    </ClInclude>
    <ClInclude Include="include\jp\ggaf\dxcore\actor\supporter\ggafdxchecker.h">
      <Filter>ヘッダー ファイル</Filter>
    </ClInclude>
    <ClInclude Include="include\jp\ggaf\dxcore\actor\supporter\ggafdxcolorist.h">
      <Filter>ヘッダー ファイル</Filter>
    </ClInclude>
    <ClInclude Include="include\jp\ggaf\dxcore\actor\supporter\ggafdxkuroko.h">
      <Filter>ヘッダー ファイル</Filter>
    </ClInclude>
    <ClInclude Include="include\jp\ggaf\dxcore\actor\supporter\ggafdxkurokofaceangassistant.h">
      <Filter>ヘッダー ファイル</Filter>
    </ClInclude>
    <ClInclude Include="include\jp\ggaf\dxcore\actor\supporter\ggafdxkurokomvangassistant.h">
      <Filter>ヘッダー ファイル</Filter>
    </ClInclude>
    <ClInclude Include="include\jp\ggaf\dxcore\actor\supporter\ggafdxkurokomvassistant.h">
      <Filter>ヘッダー ファイル</Filter>
    </ClInclude>
    <ClInclude Include="include\jp\ggaf\dxcore\actor\supporter\ggafdxmorpher.hpp">
      <Filter>ヘッダー ファイル</Filter>
    </ClInclude>
    <ClInclude Include="include\jp\ggaf\dxcore\actor\supporter\ggafdxmorpherassistanta.hpp">
      <Filter>ヘッダー ファイル</Filter>
    </ClInclude>
    <ClInclude Include="include\jp\ggaf\dxcore\actor\supporter\ggafdxpuppeteer.h">
      <Filter>ヘッダー ファイル</Filter>
    </ClInclude>
    <ClInclude Include="include\jp\ggaf\dxcore\actor\supporter\ggafdxscaler.h">
      <Filter>ヘッダー ファイル</Filter>
    </ClInclude>
    <ClInclude Include="include\jp\ggaf\dxcore\actor\supporter\ggafdxsetransmitterforactor.h">
      <Filter>ヘッダー ファイル</Filter>
    </ClInclude>
    <ClInclude Include="include\jp\ggaf\dxcore\actor\supporter\ggafdxuvflipper.h">
      <Filter>ヘッダー ファイル</Filter>
    </ClInclude>
    <ClInclude Include="include\jp\ggaf\dxcore\actor\ggafdxbaseactor.h">
      <Filter>ヘッダー ファイル</Filter>
    </ClInclude>
    <ClInclude Include="include\jp\ggaf\dxcore\actor\ggafdxboardactor.h">
      <Filter>ヘッダー ファイル</Filter>
    </ClInclude>
    <ClInclude Include="include\jp\ggaf\dxcore\actor\ggafdxboardsetactor.h">
      <Filter>ヘッダー ファイル</Filter>
    </ClInclude>
    <ClInclude Include="include\jp\ggaf\dxcore\actor\ggafdxd3dxanimeshactor.h">
      <Filter>ヘッダー ファイル</Filter>
    </ClInclude>
    <ClInclude Include="include\jp\ggaf\dxcore\actor\ggafdxd3dxmeshactor.h">
      <Filter>ヘッダー ファイル</Filter>
    </ClInclude>
    <ClInclude Include="include\jp\ggaf\dxcore\actor\ggafdxdynad3dxmeshactor.h">
      <Filter>ヘッダー ファイル</Filter>
    </ClInclude>
    <ClInclude Include="include\jp\ggaf\dxcore\actor\ggafdxfigureactor.h">
      <Filter>ヘッダー ファイル</Filter>
    </ClInclude>
    <ClInclude Include="include\jp\ggaf\dxcore\actor\ggafdxgeometricactor.h">
      <Filter>ヘッダー ファイル</Filter>
    </ClInclude>
    <ClInclude Include="include\jp\ggaf\dxcore\actor\ggafdxmassactor.h">
      <Filter>ヘッダー ファイル</Filter>
    </ClInclude>
    <ClInclude Include="include\jp\ggaf\dxcore\actor\GgafDxMassBoardActor.h">
      <Filter>ヘッダー ファイル</Filter>
    </ClInclude>
    <ClInclude Include="include\jp\ggaf\dxcore\actor\GgafDxMassMeshActor.h">
      <Filter>ヘッダー ファイル</Filter>
    </ClInclude>
    <ClInclude Include="include\jp\ggaf\dxcore\actor\GgafDxMassMorphMeshActor.h">
      <Filter>ヘッダー ファイル</Filter>
    </ClInclude>
    <ClInclude Include="include\jp\ggaf\dxcore\actor\GgafDxMassPointSpriteActor.h">
      <Filter>ヘッダー ファイル</Filter>
    </ClInclude>
    <ClInclude Include="include\jp\ggaf\dxcore\actor\GgafDxMassSpriteActor.h">
      <Filter>ヘッダー ファイル</Filter>
    </ClInclude>
    <ClInclude Include="include\jp\ggaf\dxcore\actor\ggafdxmeshactor.h">
      <Filter>ヘッダー ファイル</Filter>
    </ClInclude>
    <ClInclude Include="include\jp\ggaf\dxcore\actor\ggafdxmeshsetactor.h">
      <Filter>ヘッダー ファイル</Filter>
    </ClInclude>
    <ClInclude Include="include\jp\ggaf\dxcore\actor\ggafdxmorphmeshactor.h">
      <Filter>ヘッダー ファイル</Filter>
    </ClInclude>
    <ClInclude Include="include\jp\ggaf\dxcore\actor\ggafdxpointspriteactor.h">
      <Filter>ヘッダー ファイル</Filter>
    </ClInclude>
    <ClInclude Include="include\jp\ggaf\dxcore\actor\GgafDxPointSpriteSetActor.h">
      <Filter>ヘッダー ファイル</Filter>
    </ClInclude>
    <ClInclude Include="include\jp\ggaf\dxcore\actor\ggafdxspriteactor.h">
      <Filter>ヘッダー ファイル</Filter>
    </ClInclude>
    <ClInclude Include="include\jp\ggaf\dxcore\actor\ggafdxspritesetactor.h">
      <Filter>ヘッダー ファイル</Filter>
    </ClInclude>
    <ClInclude Include="include\jp\ggaf\dxcore\effect\ex\GgafDxCubeMapMeshEffect.h">
      <Filter>ヘッダー ファイル</Filter>
    </ClInclude>
    <ClInclude Include="include\jp\ggaf\dxcore\effect\ex\GgafDxCubeMapMeshSetEffect.h">
      <Filter>ヘッダー ファイル</Filter>
    </ClInclude>
    <ClInclude Include="include\jp\ggaf\dxcore\effect\ex\GgafDxCubeMapMorphMeshEffect.h">
      <Filter>ヘッダー ファイル</Filter>
    </ClInclude>
    <ClInclude Include="include\jp\ggaf\dxcore\effect\ex\GgafDxWorldBoundEffect.h">
      <Filter>ヘッダー ファイル</Filter>
    </ClInclude>
    <ClInclude Include="include\jp\ggaf\dxcore\effect\ggafdxboardeffect.h">
      <Filter>ヘッダー ファイル</Filter>
    </ClInclude>
    <ClInclude Include="include\jp\ggaf\dxcore\effect\ggafdxboardseteffect.h">
      <Filter>ヘッダー ファイル</Filter>
    </ClInclude>
    <ClInclude Include="include\jp\ggaf\dxcore\effect\GgafDxD3DXAniMeshEffect.h">
      <Filter>ヘッダー ファイル</Filter>
    </ClInclude>
    <ClInclude Include="include\jp\ggaf\dxcore\effect\ggafdxeffect.h">
      <Filter>ヘッダー ファイル</Filter>
    </ClInclude>
    <ClInclude Include="include\jp\ggaf\dxcore\effect\GgafDxMassBoardEffect.h">
      <Filter>ヘッダー ファイル</Filter>
    </ClInclude>
    <ClInclude Include="include\jp\ggaf\dxcore\effect\ggafdxmasseffect.h">
      <Filter>ヘッダー ファイル</Filter>
    </ClInclude>
    <ClInclude Include="include\jp\ggaf\dxcore\effect\GgafDxMassMeshEffect.h">
      <Filter>ヘッダー ファイル</Filter>
    </ClInclude>
    <ClInclude Include="include\jp\ggaf\dxcore\effect\GgafDxMassMorphMeshEffect.h">
      <Filter>ヘッダー ファイル</Filter>
    </ClInclude>
    <ClInclude Include="include\jp\ggaf\dxcore\effect\GgafDxMassPointSpriteEffect.h">
      <Filter>ヘッダー ファイル</Filter>
    </ClInclude>
    <ClInclude Include="include\jp\ggaf\dxcore\effect\GgafDxMassSpriteEffect.h">
      <Filter>ヘッダー ファイル</Filter>
    </ClInclude>
    <ClInclude Include="include\jp\ggaf\dxcore\effect\ggafdxmesheffect.h">
      <Filter>ヘッダー ファイル</Filter>
    </ClInclude>
    <ClInclude Include="include\jp\ggaf\dxcore\effect\ggafdxmeshseteffect.h">
      <Filter>ヘッダー ファイル</Filter>
    </ClInclude>
    <ClInclude Include="include\jp\ggaf\dxcore\effect\GgafDxMorphMeshEffect.h">
      <Filter>ヘッダー ファイル</Filter>
    </ClInclude>
    <ClInclude Include="include\jp\ggaf\dxcore\effect\ggafdxpointspriteeffect.h">
      <Filter>ヘッダー ファイル</Filter>
    </ClInclude>
    <ClInclude Include="include\jp\ggaf\dxcore\effect\GgafDxPointSpriteSetEffect.h">
      <Filter>ヘッダー ファイル</Filter>
    </ClInclude>
    <ClInclude Include="include\jp\ggaf\dxcore\effect\GgafDxSpriteEffect.h">
      <Filter>ヘッダー ファイル</Filter>
    </ClInclude>
    <ClInclude Include="include\jp\ggaf\dxcore\effect\GgafDxSpriteSetEffect.h">
      <Filter>ヘッダー ファイル</Filter>
    </ClInclude>
    <ClInclude Include="include\jp\ggaf\dxcore\exception\ggafdxcriticalexception.h">
      <Filter>ヘッダー ファイル</Filter>
    </ClInclude>
    <ClInclude Include="include\jp\ggaf\dxcore\manager\ggafdxbgmconnection.h">
      <Filter>ヘッダー ファイル</Filter>
    </ClInclude>
    <ClInclude Include="include\jp\ggaf\dxcore\manager\GgafDxBgmManager.h">
      <Filter>ヘッダー ファイル</Filter>
    </ClInclude>
    <ClInclude Include="include\jp\ggaf\dxcore\manager\GgafDxEffectConnection.h">
      <Filter>ヘッダー ファイル</Filter>
    </ClInclude>
    <ClInclude Include="include\jp\ggaf\dxcore\manager\GgafDxEffectManager.h">
      <Filter>ヘッダー ファイル</Filter>
    </ClInclude>
    <ClInclude Include="include\jp\ggaf\dxcore\manager\GgafDxModelConnection.h">
      <Filter>ヘッダー ファイル</Filter>
    </ClInclude>
    <ClInclude Include="include\jp\ggaf\dxcore\manager\GgafDxModelManager.h">
      <Filter>ヘッダー ファイル</Filter>
    </ClInclude>
    <ClInclude Include="include\jp\ggaf\dxcore\manager\ggafdxseconnection.h">
      <Filter>ヘッダー ファイル</Filter>
    </ClInclude>
    <ClInclude Include="include\jp\ggaf\dxcore\manager\ggafdxsemanager.h">
      <Filter>ヘッダー ファイル</Filter>
    </ClInclude>
    <ClInclude Include="include\jp\ggaf\dxcore\manager\ggafdxtextureconnection.h">
      <Filter>ヘッダー ファイル</Filter>
    </ClInclude>
    <ClInclude Include="include\jp\ggaf\dxcore\manager\GgafDxTextureManager.h">
      <Filter>ヘッダー ファイル</Filter>
    </ClInclude>
    <ClInclude Include="include\jp\ggaf\dxcore\model\ex\GgafDxCubeMapMeshModel.h">
      <Filter>ヘッダー ファイル</Filter>
    </ClInclude>
    <ClInclude Include="include\jp\ggaf\dxcore\model\ex\GgafDxCubeMapMeshSetModel.h">
      <Filter>ヘッダー ファイル</Filter>
    </ClInclude>
    <ClInclude Include="include\jp\ggaf\dxcore\model\ex\GgafDxCubeMapMorphMeshModel.h">
      <Filter>ヘッダー ファイル</Filter>
    </ClInclude>
    <ClInclude Include="include\jp\ggaf\dxcore\model\ex\GgafDxWorldBoundModel.h">
      <Filter>ヘッダー ファイル</Filter>
    </ClInclude>
    <ClInclude Include="include\jp\ggaf\dxcore\model\supporter\ggafdxtextureblinker.h">
      <Filter>ヘッダー ファイル</Filter>
    </ClInclude>
    <ClInclude Include="include\jp\ggaf\dxcore\model\ggafdxboardmodel.h">
      <Filter>ヘッダー ファイル</Filter>
    </ClInclude>
    <ClInclude Include="include\jp\ggaf\dxcore\model\ggafdxboardsetmodel.h">
      <Filter>ヘッダー ファイル</Filter>
    </ClInclude>
    <ClInclude Include="include\jp\ggaf\dxcore\model\GgafDxD3DXAniMeshModel.h">
      <Filter>ヘッダー ファイル</Filter>
    </ClInclude>
    <ClInclude Include="include\jp\ggaf\dxcore\model\GgafDxD3DXMeshModel.h">
      <Filter>ヘッダー ファイル</Filter>
    </ClInclude>
    <ClInclude Include="include\jp\ggaf\dxcore\model\GgafDxMassBoardModel.h">
      <Filter>ヘッダー ファイル</Filter>
    </ClInclude>
    <ClInclude Include="include\jp\ggaf\dxcore\model\ggafdxmassmeshmodel.h">
      <Filter>ヘッダー ファイル</Filter>
    </ClInclude>
    <ClInclude Include="include\jp\ggaf\dxcore\model\ggafdxmassmodel.h">
      <Filter>ヘッダー ファイル</Filter>
    </ClInclude>
    <ClInclude Include="include\jp\ggaf\dxcore\model\GgafDxMassMorphMeshModel.h">
      <Filter>ヘッダー ファイル</Filter>
    </ClInclude>
    <ClInclude Include="include\jp\ggaf\dxcore\model\GgafDxMassPointSpriteModel.h">
      <Filter>ヘッダー ファイル</Filter>
    </ClInclude>
    <ClInclude Include="include\jp\ggaf\dxcore\model\GgafDxMassSpriteModel.h">
      <Filter>ヘッダー ファイル</Filter>
    </ClInclude>
    <ClInclude Include="include\jp\ggaf\dxcore\model\ggafdxmeshmodel.h">
      <Filter>ヘッダー ファイル</Filter>
    </ClInclude>
    <ClInclude Include="include\jp\ggaf\dxcore\model\ggafdxmeshsetmodel.h">
      <Filter>ヘッダー ファイル</Filter>
    </ClInclude>
    <ClInclude Include="include\jp\ggaf\dxcore\model\ggafdxmodel.h">
      <Filter>ヘッダー ファイル</Filter>
    </ClInclude>
    <ClInclude Include="include\jp\ggaf\dxcore\model\ggafdxmorphmeshmodel.h">
      <Filter>ヘッダー ファイル</Filter>
    </ClInclude>
    <ClInclude Include="include\jp\ggaf\dxcore\model\GgafDxPointSpriteModel.h">
      <Filter>ヘッダー ファイル</Filter>
    </ClInclude>
    <ClInclude Include="include\jp\ggaf\dxcore\model\GgafDxPointSpriteSetModel.h">
      <Filter>ヘッダー ファイル</Filter>
    </ClInclude>
    <ClInclude Include="include\jp\ggaf\dxcore\model\GgafDxSpriteModel.h">
      <Filter>ヘッダー ファイル</Filter>
    </ClInclude>
    <ClInclude Include="include\jp\ggaf\dxcore\model\GgafDxSpriteSetModel.h">
      <Filter>ヘッダー ファイル</Filter>
    </ClInclude>
    <ClInclude Include="include\jp\ggaf\dxcore\scene\supporter\GgafDxAlphaCurtain.h">
      <Filter>ヘッダー ファイル</Filter>
    </ClInclude>
    <ClInclude Include="include\jp\ggaf\dxcore\scene\supporter\ggafdxbgmperformerforscene.h">
      <Filter>ヘッダー ファイル</Filter>
    </ClInclude>
    <ClInclude Include="include\jp\ggaf\dxcore\scene\ggafdxscene.h">
      <Filter>ヘッダー ファイル</Filter>
    </ClInclude>
    <ClInclude Include="include\jp\ggaf\dxcore\scene\ggafdxspacetime.h">
      <Filter>ヘッダー ファイル</Filter>
    </ClInclude>
    <ClInclude Include="include\jp\ggaf\dxcore\sound\IkdLib\OggDecoder.h">
      <Filter>ヘッダー ファイル</Filter>
    </ClInclude>
    <ClInclude Include="include\jp\ggaf\dxcore\sound\IkdLib\OggVorbisFile.h">
      <Filter>ヘッダー ファイル</Filter>
    </ClInclude>
    <ClInclude Include="include\jp\ggaf\dxcore\sound\IkdLib\OggVorbisMemory.h">
      <Filter>ヘッダー ファイル</Filter>
    </ClInclude>
    <ClInclude Include="include\jp\ggaf\dxcore\sound\IkdLib\OggVorbisResource.h">
      <Filter>ヘッダー ファイル</Filter>
    </ClInclude>
    <ClInclude Include="include\jp\ggaf\dxcore\sound\IkdLib\PCMDecoder.h">
      <Filter>ヘッダー ファイル</Filter>
    </ClInclude>
    <ClInclude Include="include\jp\ggaf\dxcore\sound\IkdLib\PCMPlayer.h">
      <Filter>ヘッダー ファイル</Filter>
    </ClInclude>
    <ClInclude Include="include\jp\ggaf\dxcore\sound\CWaveDecorder.h">
      <Filter>ヘッダー ファイル</Filter>
    </ClInclude>
    <ClInclude Include="include\jp\ggaf\dxcore\sound\ggafdxbgm.h">
      <Filter>ヘッダー ファイル</Filter>
    </ClInclude>
    <ClInclude Include="include\jp\ggaf\dxcore\sound\ggafdxbgmperformer.h">
      <Filter>ヘッダー ファイル</Filter>
    </ClInclude>
    <ClInclude Include="include\jp\ggaf\dxcore\sound\ggafdxse.h">
      <Filter>ヘッダー ファイル</Filter>
    </ClInclude>
    <ClInclude Include="include\jp\ggaf\dxcore\sound\ggafdxsetransmitter.h">
      <Filter>ヘッダー ファイル</Filter>
    </ClInclude>
    <ClInclude Include="include\jp\ggaf\dxcore\sound\ggafdxsound.h">
      <Filter>ヘッダー ファイル</Filter>
    </ClInclude>
    <ClInclude Include="include\jp\ggaf\dxcore\texture\ggafdxtexture.h">
      <Filter>ヘッダー ファイル</Filter>
    </ClInclude>
    <ClInclude Include="include\jp\ggaf\dxcore\util\XFile\framework\Frm_3DMath.h">
      <Filter>ヘッダー ファイル</Filter>
    </ClInclude>
    <ClInclude Include="include\jp\ggaf\dxcore\util\XFile\framework\Frm_IO.h">
      <Filter>ヘッダー ファイル</Filter>
    </ClInclude>
    <ClInclude Include="include\jp\ggaf\dxcore\util\XFile\framework\Frm_Material.h">
      <Filter>ヘッダー ファイル</Filter>
    </ClInclude>
    <ClInclude Include="include\jp\ggaf\dxcore\util\XFile\framework\Frm_Mesh.h">
      <Filter>ヘッダー ファイル</Filter>
    </ClInclude>
    <ClInclude Include="include\jp\ggaf\dxcore\util\XFile\framework\Frm_types.h">
      <Filter>ヘッダー ファイル</Filter>
    </ClInclude>
    <ClInclude Include="include\jp\ggaf\dxcore\util\XFile\Toolbox\IOModel_X.h">
      <Filter>ヘッダー ファイル</Filter>
    </ClInclude>
    <ClInclude Include="include\jp\ggaf\dxcore\util\XFile\Toolbox\XFileStructs.h">
      <Filter>ヘッダー ファイル</Filter>
    </ClInclude>
    <ClInclude Include="include\jp\ggaf\dxcore\util\GgafDx8DirectionUtil.h">
      <Filter>ヘッダー ファイル</Filter>
    </ClInclude>
    <ClInclude Include="include\jp\ggaf\dxcore\util\GgafDx26DirectionUtil.h">
      <Filter>ヘッダー ファイル</Filter>
    </ClInclude>
    <ClInclude Include="include\jp\ggaf\dxcore\util\GgafDxAllocHierarchy.h">
      <Filter>ヘッダー ファイル</Filter>
    </ClInclude>
    <ClInclude Include="include\jp\ggaf\dxcore\util\GgafDxAllocHierarchyWorldFrame.h">
      <Filter>ヘッダー ファイル</Filter>
    </ClInclude>
    <ClInclude Include="include\jp\ggaf\dxcore\util\ggafdxcollisionarea.h">
      <Filter>ヘッダー ファイル</Filter>
    </ClInclude>
    <ClInclude Include="include\jp\ggaf\dxcore\util\ggafdxcollisionpart.h">
      <Filter>ヘッダー ファイル</Filter>
    </ClInclude>
    <ClInclude Include="include\jp\ggaf\dxcore\util\ggafdxgeoelem.h">
      <Filter>ヘッダー ファイル</Filter>
    </ClInclude>
    <ClInclude Include="include\jp\ggaf\dxcore\util\ggafdxinput.h">
      <Filter>ヘッダー ファイル</Filter>
    </ClInclude>
    <ClInclude Include="include\jp\ggaf\dxcore\util\ggafdxquaternion.h">
      <Filter>ヘッダー ファイル</Filter>
    </ClInclude>
    <ClInclude Include="include\jp\ggaf\dxcore\util\ggafdxsphereradiusvectors.h">
      <Filter>ヘッダー ファイル</Filter>
    </ClInclude>
    <ClInclude Include="include\jp\ggaf\dxcore\util\ggafdxutil.h">
      <Filter>ヘッダー ファイル</Filter>
    </ClInclude>
    <ClInclude Include="include\jp\ggaf\dxcore\util\GgafDxWorldMatStack.h">
      <Filter>ヘッダー ファイル</Filter>
    </ClInclude>
    <ClInclude Include="include\jp\ggaf\dxcore\ggafdxgod.h">
      <Filter>ヘッダー ファイル</Filter>
    </ClInclude>
    <ClInclude Include="include\jp\ggaf\dxcore\ggafdxproperties.h">
      <Filter>ヘッダー ファイル</Filter>
    </ClInclude>
    <ClInclude Include="include\ggafdxcommonheader.h">
      <Filter>ヘッダー ファイル</Filter>
    </ClInclude>
    <ClInclude Include="include\jp\ggaf\dxcore\actor\GgafDxFramedBoardActor.h">
      <Filter>ヘッダー ファイル</Filter>
    </ClInclude>
    <ClInclude Include="include\jp\ggaf\dxcore\effect\GgafDxFramedBoardEffect.h">
      <Filter>ヘッダー ファイル</Filter>
    </ClInclude>
    <ClInclude Include="include\jp\ggaf\dxcore\model\GgafDxFramedBoardModel.h">
      <Filter>ヘッダー ファイル</Filter>
    </ClInclude>
  </ItemGroup>
</Project>