<?xml version="1.0" encoding="utf-8"?>
<Project ToolsVersion="4.0" xmlns="http://schemas.microsoft.com/developer/msbuild/2003">
  <ItemGroup>
    <ClCompile Include="src\actor\SmpActor.cpp" />
    <ClCompile Include="src\actor\SmpCamera.cpp" />
    <ClCompile Include="src\scene\SmpSpacetime\SmpWorld.cpp" />
    <ClCompile Include="src\scene\SmpSpacetime.cpp" />
    <ClCompile Include="src\SimpleSample.cpp" />
    <ClCompile Include="src\SmpCaretaker.cpp" />
  </ItemGroup>
  <ItemGroup>
    <ClInclude Include="src\actor\SmpActor.h" />
    <ClInclude Include="src\actor\SmpCamera.h" />
    <ClInclude Include="src\scene\SmpSpacetime\SmpWorld.h" />
    <ClInclude Include="src\scene\SmpSpacetime.h" />
    <ClInclude Include="src\SimpleSample.h" />
    <ClInclude Include="src\SmpCaretaker.h" />
  </ItemGroup>
</Project>