<?xml version="1.0" encoding="utf-8"?>
<Project ToolsVersion="4.0" xmlns="http://schemas.microsoft.com/developer/msbuild/2003">
  <ItemGroup>
    <ClCompile Include="src\jp\gecchi\VioletVrain\actor\camera\VvCamera.cpp" />
    <ClCompile Include="src\jp\gecchi\VioletVrain\actor\enemy\Zako\Zako.cpp" />
    <ClCompile Include="src\jp\gecchi\VioletVrain\actor\kind\VvChikeiActor.cpp" />
    <ClCompile Include="src\jp\gecchi\VioletVrain\actor\kind\VvEffectActor.cpp" />
    <ClCompile Include="src\jp\gecchi\VioletVrain\actor\kind\VvEnemyActor.cpp" />
    <ClCompile Include="src\jp\gecchi\VioletVrain\actor\kind\VvItemActor.cpp" />
    <ClCompile Include="src\jp\gecchi\VioletVrain\actor\kind\VvMyActor.cpp" />
    <ClCompile Include="src\jp\gecchi\VioletVrain\actor\Jiki.cpp" />
    <ClCompile Include="src\jp\gecchi\VioletVrain\actor\Test01.cpp" />
    <ClCompile Include="src\jp\gecchi\VioletVrain\scene\VvSpacetime\World\TrialAndErrScene.cpp" />
    <ClCompile Include="src\jp\gecchi\VioletVrain\scene\VvSpacetime\World.cpp" />
    <ClCompile Include="src\jp\gecchi\VioletVrain\scene\VvSpacetime.cpp" />
    <ClCompile Include="src\jp\gecchi\VioletVrain\util\VvUtil.cpp" />
    <ClCompile Include="src\jp\gecchi\VioletVrain\VioletVrain.cpp" />
    <ClCompile Include="src\jp\gecchi\VioletVrain\VvCaretaker.cpp" />
  </ItemGroup>
  <ItemGroup>
    <ClInclude Include="src\jp\gecchi\VioletVrain\actor\camera\VvCamera.h" />
    <ClInclude Include="src\jp\gecchi\VioletVrain\actor\enemy\Zako\Zako.h" />
    <ClInclude Include="src\jp\gecchi\VioletVrain\actor\kind\VvActor.h" />
    <ClInclude Include="src\jp\gecchi\VioletVrain\actor\kind\VvChikeiActor.h" />
    <ClInclude Include="src\jp\gecchi\VioletVrain\actor\kind\VvEffectActor.h" />
    <ClInclude Include="src\jp\gecchi\VioletVrain\actor\kind\VvEnemyActor.h" />
    <ClInclude Include="src\jp\gecchi\VioletVrain\actor\kind\VvItemActor.h" />
    <ClInclude Include="src\jp\gecchi\VioletVrain\actor\kind\VvMyActor.h" />
    <ClInclude Include="src\jp\gecchi\VioletVrain\actor\Jiki.h" />
    <ClInclude Include="src\jp\gecchi\VioletVrain\actor\Test01.h" />
    <ClInclude Include="src\jp\gecchi\VioletVrain\scene\VvSpacetime\World\TrialAndErrScene.h" />
    <ClInclude Include="src\jp\gecchi\VioletVrain\scene\VvSpacetime\World.h" />
    <ClInclude Include="src\jp\gecchi\VioletVrain\scene\VvSpacetime.h" />
    <ClInclude Include="src\jp\gecchi\VioletVrain\util\VvUtil.h" />
    <ClInclude Include="src\jp\gecchi\VioletVrain\VioletVrain.h" />
    <ClInclude Include="src\jp\gecchi\VioletVrain\VvCaretaker.h" />
  </ItemGroup>
</Project>