
Microsoft Visual Studio Solution File, Format Version 9.00
# Visual Studio 2005
Project("{8BC9CEB8-8B4A-11D0-8D11-00A0C91BC942}") = "GgafCore", "GgafCore\GgafCore_VC8.vcproj", "{4CD46674-BB16-4B83-B01E-D6DAF7FB6C81}"
EndProject
Project("{8BC9CEB8-8B4A-11D0-8D11-00A0C91BC942}") = "_Vorbis", "_Vorbis\_Vorbis_VC8.vcproj", "{3A06BBA2-2A59-4965-8095-3836E2A10840}"
	ProjectSection(ProjectDependencies) = postProject
		{2FDEFA24-55E5-4955-8497-44085C92A5B1} = {2FDEFA24-55E5-4955-8497-44085C92A5B1}
	EndProjectSection
EndProject
Project("{8BC9CEB8-8B4A-11D0-8D11-00A0C91BC942}") = "_Ogg", "_Ogg\_Ogg_VC8.vcproj", "{2FDEFA24-55E5-4955-8497-44085C92A5B1}"
EndProject
Project("{8BC9CEB8-8B4A-11D0-8D11-00A0C91BC942}") = "GgafLib", "GgafLib\GgafLib_VC8.vcproj", "{55C018DB-2586-4F20-ADDB-8DA23932824C}"
	ProjectSection(ProjectDependencies) = postProject
		{2FDEFA24-55E5-4955-8497-44085C92A5B1} = {2FDEFA24-55E5-4955-8497-44085C92A5B1}
		{8611E43A-1303-40E3-B8C6-3747D2F45836} = {8611E43A-1303-40E3-B8C6-3747D2F45836}
		{4CD46674-BB16-4B83-B01E-D6DAF7FB6C81} = {4CD46674-BB16-4B83-B01E-D6DAF7FB6C81}
		{3A06BBA2-2A59-4965-8095-3836E2A10840} = {3A06BBA2-2A59-4965-8095-3836E2A10840}
	EndProjectSection
EndProject
Project("{8BC9CEB8-8B4A-11D0-8D11-00A0C91BC942}") = "VioletVreath", "VioletVreath\VioletVreath_VC8.vcproj", "{90B4BB52-94AC-403C-8906-24712F5218E5}"
	ProjectSection(ProjectDependencies) = postProject
		{2FDEFA24-55E5-4955-8497-44085C92A5B1} = {2FDEFA24-55E5-4955-8497-44085C92A5B1}
		{8611E43A-1303-40E3-B8C6-3747D2F45836} = {8611E43A-1303-40E3-B8C6-3747D2F45836}
		{4CD46674-BB16-4B83-B01E-D6DAF7FB6C81} = {4CD46674-BB16-4B83-B01E-D6DAF7FB6C81}
		{3A06BBA2-2A59-4965-8095-3836E2A10840} = {3A06BBA2-2A59-4965-8095-3836E2A10840}
		{55C018DB-2586-4F20-ADDB-8DA23932824C} = {55C018DB-2586-4F20-ADDB-8DA23932824C}
	EndProjectSection
EndProject
Project("{8BC9CEB8-8B4A-11D0-8D11-00A0C91BC942}") = "SimpleSample", "SimpleSample\SimpleSample_VC8.vcproj", "{89FBE92F-55E8-45B9-8E33-E398F3BC1ED9}"
	ProjectSection(ProjectDependencies) = postProject
		{55C018DB-2586-4F20-ADDB-8DA23932824C} = {55C018DB-2586-4F20-ADDB-8DA23932824C}
		{3A06BBA2-2A59-4965-8095-3836E2A10840} = {3A06BBA2-2A59-4965-8095-3836E2A10840}
		{4CD46674-BB16-4B83-B01E-D6DAF7FB6C81} = {4CD46674-BB16-4B83-B01E-D6DAF7FB6C81}
		{8611E43A-1303-40E3-B8C6-3747D2F45836} = {8611E43A-1303-40E3-B8C6-3747D2F45836}
		{2FDEFA24-55E5-4955-8497-44085C92A5B1} = {2FDEFA24-55E5-4955-8497-44085C92A5B1}
	EndProjectSection
EndProject
Project("{8BC9CEB8-8B4A-11D0-8D11-00A0C91BC942}") = "VVViewer", "VVViewer\VVViewer_VC8.vcproj", "{566E30F1-CD36-4B9E-92DE-B9DD87F84F66}"
EndProject
Project("{8BC9CEB8-8B4A-11D0-8D11-00A0C91BC942}") = "GgafDx", "GgafDx\GgafDx_VC8.vcproj", "{8611E43A-1303-40E3-B8C6-3747D2F45836}"
EndProject
Project("{8BC9CEB8-8B4A-11D0-8D11-00A0C91BC942}") = "GgafResource", "GgafResource\GgafResource_VC8.vcproj", "{FA847DA5-1D07-4BE9-B4C0-D72E8D7D18EA}"
	ProjectSection(ProjectDependencies) = postProject
		{4CD46674-BB16-4B83-B01E-D6DAF7FB6C81} = {4CD46674-BB16-4B83-B01E-D6DAF7FB6C81}
	EndProjectSection
EndProject
Project("{8BC9CEB8-8B4A-11D0-8D11-00A0C91BC942}") = "VioletVreath_launcher", "VioletVreath_launcher\VioletVreath_launcher_VC8.vcproj", "{CCF15A32-49F0-4D03-B585-E7BB0D06A137}"
	ProjectSection(ProjectDependencies) = postProject
		{2FDEFA24-55E5-4955-8497-44085C92A5B1} = {2FDEFA24-55E5-4955-8497-44085C92A5B1}
		{3A06BBA2-2A59-4965-8095-3836E2A10840} = {3A06BBA2-2A59-4965-8095-3836E2A10840}
		{4CD46674-BB16-4B83-B01E-D6DAF7FB6C81} = {4CD46674-BB16-4B83-B01E-D6DAF7FB6C81}
		{8611E43A-1303-40E3-B8C6-3747D2F45836} = {8611E43A-1303-40E3-B8C6-3747D2F45836}
		{55C018DB-2586-4F20-ADDB-8DA23932824C} = {55C018DB-2586-4F20-ADDB-8DA23932824C}
		{FA847DA5-1D07-4BE9-B4C0-D72E8D7D18EA} = {FA847DA5-1D07-4BE9-B4C0-D72E8D7D18EA}
		{90B4BB52-94AC-403C-8906-24712F5218E5} = {90B4BB52-94AC-403C-8906-24712F5218E5}
	EndProjectSection
EndProject
Global
	GlobalSection(SolutionConfigurationPlatforms) = preSolution
		Debug|Win32 = Debug|Win32
		Release|Win32 = Release|Win32
	EndGlobalSection
	GlobalSection(ProjectConfigurationPlatforms) = postSolution
		{4CD46674-BB16-4B83-B01E-D6DAF7FB6C81}.Debug|Win32.ActiveCfg = Debug|Win32
		{4CD46674-BB16-4B83-B01E-D6DAF7FB6C81}.Debug|Win32.Build.0 = Debug|Win32
		{4CD46674-BB16-4B83-B01E-D6DAF7FB6C81}.Release|Win32.ActiveCfg = Release|Win32
		{4CD46674-BB16-4B83-B01E-D6DAF7FB6C81}.Release|Win32.Build.0 = Release|Win32
		{3A06BBA2-2A59-4965-8095-3836E2A10840}.Debug|Win32.ActiveCfg = Debug|Win32
		{3A06BBA2-2A59-4965-8095-3836E2A10840}.Debug|Win32.Build.0 = Debug|Win32
		{3A06BBA2-2A59-4965-8095-3836E2A10840}.Release|Win32.ActiveCfg = Release|Win32
		{3A06BBA2-2A59-4965-8095-3836E2A10840}.Release|Win32.Build.0 = Release|Win32
		{2FDEFA24-55E5-4955-8497-44085C92A5B1}.Debug|Win32.ActiveCfg = Debug|Win32
		{2FDEFA24-55E5-4955-8497-44085C92A5B1}.Debug|Win32.Build.0 = Debug|Win32
		{2FDEFA24-55E5-4955-8497-44085C92A5B1}.Release|Win32.ActiveCfg = Release|Win32
		{2FDEFA24-55E5-4955-8497-44085C92A5B1}.Release|Win32.Build.0 = Release|Win32
		{55C018DB-2586-4F20-ADDB-8DA23932824C}.Debug|Win32.ActiveCfg = Debug|Win32
		{55C018DB-2586-4F20-ADDB-8DA23932824C}.Debug|Win32.Build.0 = Debug|Win32
		{55C018DB-2586-4F20-ADDB-8DA23932824C}.Release|Win32.ActiveCfg = Release|Win32
		{55C018DB-2586-4F20-ADDB-8DA23932824C}.Release|Win32.Build.0 = Release|Win32
		{90B4BB52-94AC-403C-8906-24712F5218E5}.Debug|Win32.ActiveCfg = Debug|Win32
		{90B4BB52-94AC-403C-8906-24712F5218E5}.Debug|Win32.Build.0 = Debug|Win32
		{90B4BB52-94AC-403C-8906-24712F5218E5}.Release|Win32.ActiveCfg = Release|Win32
		{90B4BB52-94AC-403C-8906-24712F5218E5}.Release|Win32.Build.0 = Release|Win32
		{89FBE92F-55E8-45B9-8E33-E398F3BC1ED9}.Debug|Win32.ActiveCfg = Debug|Win32
		{89FBE92F-55E8-45B9-8E33-E398F3BC1ED9}.Debug|Win32.Build.0 = Debug|Win32
		{89FBE92F-55E8-45B9-8E33-E398F3BC1ED9}.Release|Win32.ActiveCfg = Release|Win32
		{89FBE92F-55E8-45B9-8E33-E398F3BC1ED9}.Release|Win32.Build.0 = Release|Win32
		{566E30F1-CD36-4B9E-92DE-B9DD87F84F66}.Debug|Win32.ActiveCfg = Debug|Win32
		{566E30F1-CD36-4B9E-92DE-B9DD87F84F66}.Debug|Win32.Build.0 = Debug|Win32
		{566E30F1-CD36-4B9E-92DE-B9DD87F84F66}.Release|Win32.ActiveCfg = Release|Win32
		{566E30F1-CD36-4B9E-92DE-B9DD87F84F66}.Release|Win32.Build.0 = Release|Win32
		{8611E43A-1303-40E3-B8C6-3747D2F45836}.Debug|Win32.ActiveCfg = Debug|Win32
		{8611E43A-1303-40E3-B8C6-3747D2F45836}.Debug|Win32.Build.0 = Debug|Win32
		{8611E43A-1303-40E3-B8C6-3747D2F45836}.Release|Win32.ActiveCfg = Release|Win32
		{8611E43A-1303-40E3-B8C6-3747D2F45836}.Release|Win32.Build.0 = Release|Win32
		{FA847DA5-1D07-4BE9-B4C0-D72E8D7D18EA}.Debug|Win32.ActiveCfg = Debug|Win32
		{FA847DA5-1D07-4BE9-B4C0-D72E8D7D18EA}.Debug|Win32.Build.0 = Debug|Win32
		{FA847DA5-1D07-4BE9-B4C0-D72E8D7D18EA}.Release|Win32.ActiveCfg = Release|Win32
		{FA847DA5-1D07-4BE9-B4C0-D72E8D7D18EA}.Release|Win32.Build.0 = Release|Win32
		{CCF15A32-49F0-4D03-B585-E7BB0D06A137}.Debug|Win32.ActiveCfg = Debug|Win32
		{CCF15A32-49F0-4D03-B585-E7BB0D06A137}.Debug|Win32.Build.0 = Debug|Win32
		{CCF15A32-49F0-4D03-B585-E7BB0D06A137}.Release|Win32.ActiveCfg = Release|Win32
		{CCF15A32-49F0-4D03-B585-E7BB0D06A137}.Release|Win32.Build.0 = Release|Win32
	EndGlobalSection
	GlobalSection(SolutionProperties) = preSolution
		HideSolutionNode = FALSE
	EndGlobalSection
EndGlobal
