
Microsoft Visual Studio Solution File, Format Version 11.00
# Visual Studio 2010
Project("{8BC9CEB8-8B4A-11D0-8D11-00A0C91BC942}") = "VioletVreath", "VioletVreath\VioletVreath.vcxproj", "{90B4BB52-94AC-403C-8906-24712F5218E5}"
EndProject
Project("{8BC9CEB8-8B4A-11D0-8D11-00A0C91BC942}") = "GgafCore", "GgafCore\GgafCore.vcxproj", "{4CD46674-BB16-4B83-B01E-D6DAF7FB6C81}"
EndProject
Project("{8BC9CEB8-8B4A-11D0-8D11-00A0C91BC942}") = "GgafDxCore", "GgafDxCore\GgafDxCore.vcxproj", "{F04B2BAE-F007-4DE8-A91F-EA7E9DDCB6F2}"
EndProject
Project("{8BC9CEB8-8B4A-11D0-8D11-00A0C91BC942}") = "GgafLib", "GgafLib\GgafLib.vcxproj", "{55C018DB-2586-4F20-ADDB-8DA23932824C}"
EndProject
Project("{8BC9CEB8-8B4A-11D0-8D11-00A0C91BC942}") = "CustomizeOgg_static", "CustomizeOgg_static\CustomizeOgg_static.vcxproj", "{2FDEFA24-55E5-4955-8497-44085C92A5B1}"
EndProject
Project("{8BC9CEB8-8B4A-11D0-8D11-00A0C91BC942}") = "CustomizeVorbis_static", "CustomizeVorbis_static\CustomizeVorbis_static.vcxproj", "{3A06BBA2-2A59-4965-8095-3836E2A10840}"
EndProject
Global
	GlobalSection(SolutionConfigurationPlatforms) = preSolution
		Debug|Win32 = Debug|Win32
		Release|Win32 = Release|Win32
	EndGlobalSection
	GlobalSection(ProjectConfigurationPlatforms) = postSolution
		{90B4BB52-94AC-403C-8906-24712F5218E5}.Debug|Win32.ActiveCfg = Debug|Win32
		{90B4BB52-94AC-403C-8906-24712F5218E5}.Debug|Win32.Build.0 = Debug|Win32
		{90B4BB52-94AC-403C-8906-24712F5218E5}.Release|Win32.ActiveCfg = Release|Win32
		{90B4BB52-94AC-403C-8906-24712F5218E5}.Release|Win32.Build.0 = Release|Win32
		{4CD46674-BB16-4B83-B01E-D6DAF7FB6C81}.Debug|Win32.ActiveCfg = Debug|Win32
		{4CD46674-BB16-4B83-B01E-D6DAF7FB6C81}.Debug|Win32.Build.0 = Debug|Win32
		{4CD46674-BB16-4B83-B01E-D6DAF7FB6C81}.Release|Win32.ActiveCfg = Release|Win32
		{4CD46674-BB16-4B83-B01E-D6DAF7FB6C81}.Release|Win32.Build.0 = Release|Win32
		{F04B2BAE-F007-4DE8-A91F-EA7E9DDCB6F2}.Debug|Win32.ActiveCfg = Debug|Win32
		{F04B2BAE-F007-4DE8-A91F-EA7E9DDCB6F2}.Debug|Win32.Build.0 = Debug|Win32
		{F04B2BAE-F007-4DE8-A91F-EA7E9DDCB6F2}.Release|Win32.ActiveCfg = Release|Win32
		{F04B2BAE-F007-4DE8-A91F-EA7E9DDCB6F2}.Release|Win32.Build.0 = Release|Win32
		{55C018DB-2586-4F20-ADDB-8DA23932824C}.Debug|Win32.ActiveCfg = Debug|Win32
		{55C018DB-2586-4F20-ADDB-8DA23932824C}.Debug|Win32.Build.0 = Debug|Win32
		{55C018DB-2586-4F20-ADDB-8DA23932824C}.Release|Win32.ActiveCfg = Release|Win32
		{55C018DB-2586-4F20-ADDB-8DA23932824C}.Release|Win32.Build.0 = Release|Win32
		{2FDEFA24-55E5-4955-8497-44085C92A5B1}.Debug|Win32.ActiveCfg = Debug|Win32
		{2FDEFA24-55E5-4955-8497-44085C92A5B1}.Debug|Win32.Build.0 = Debug|Win32
		{2FDEFA24-55E5-4955-8497-44085C92A5B1}.Release|Win32.ActiveCfg = Release|Win32
		{2FDEFA24-55E5-4955-8497-44085C92A5B1}.Release|Win32.Build.0 = Release|Win32
		{3A06BBA2-2A59-4965-8095-3836E2A10840}.Debug|Win32.ActiveCfg = Debug|Win32
		{3A06BBA2-2A59-4965-8095-3836E2A10840}.Debug|Win32.Build.0 = Debug|Win32
		{3A06BBA2-2A59-4965-8095-3836E2A10840}.Release|Win32.ActiveCfg = Release|Win32
		{3A06BBA2-2A59-4965-8095-3836E2A10840}.Release|Win32.Build.0 = Release|Win32
	EndGlobalSection
	GlobalSection(SolutionProperties) = preSolution
		HideSolutionNode = FALSE
	EndGlobalSection
EndGlobal
