<?xml version="1.0" encoding="utf-8"?>
<Project ToolsVersion="4.0" xmlns="http://schemas.microsoft.com/developer/msbuild/2003">
  <ItemGroup>
    <ClCompile Include="src\actor\CamWorker\VvvCamWorker.cpp" />
    <ClCompile Include="src\actor\Font01.cpp" />
    <ClCompile Include="src\actor\VvvCamera.cpp" />
    <ClCompile Include="src\actor\VvvCameraUpVector.cpp" />
    <ClCompile Include="src\actor\VvvCameraViewPoint.cpp" />
    <ClCompile Include="src\actor\VvvCursor.cpp" />
    <ClCompile Include="src\actor\VvvGrid.cpp" />
    <ClCompile Include="src\scene\VvvSpacetime\VvvWorld.cpp" />
    <ClCompile Include="src\scene\VvvSpacetime.cpp" />
    <ClCompile Include="src\VVViewer.cpp" />
    <ClCompile Include="src\VvvCaretaker.cpp" />
    <ClCompile Include="src\actor\VvvMousePointer.cpp" />
  </ItemGroup>
  <ItemGroup>
    <ClInclude Include="src\actor\CamWorker\VvvCamWorker.h" />
    <ClInclude Include="src\actor\Font01.h" />
    <ClInclude Include="src\actor\VvvCamera.h" />
    <ClInclude Include="src\actor\VvvCameraUpVector.h" />
    <ClInclude Include="src\actor\VvvCameraViewPoint.h" />
    <ClInclude Include="src\actor\VvvCursor.h" />
    <ClInclude Include="src\actor\VvvGrid.h" />
    <ClInclude Include="src\scene\VvvSpacetime\VvvWorld.h" />
    <ClInclude Include="src\scene\VvvSpacetime.h" />
    <ClInclude Include="src\VVViewer.h" />
    <ClInclude Include="src\VvvCaretaker.h" />
    <ClInclude Include="src\actor\vvvmousepointer.h" />
  </ItemGroup>
</Project>