<?xml version="1.0" encoding="utf-8"?>
<Project ToolsVersion="4.0" xmlns="http://schemas.microsoft.com/developer/msbuild/2003">
  <ItemGroup>
    <ClCompile Include="src\actor\camera\MgrCamera.cpp" />
    <ClCompile Include="src\actor\camera\MgrCameraUpVector.cpp" />
    <ClCompile Include="src\actor\camera\MgrCameraViewPoint.cpp" />
    <ClCompile Include="src\actor\Zako.cpp" />
    <ClCompile Include="src\actor\Zakoko.cpp" />
    <ClCompile Include="src\scene\MgrSpacetime\MgrWorld\TrialAndErrScene.cpp" />
    <ClCompile Include="src\scene\MgrSpacetime\MgrWorld.cpp" />
    <ClCompile Include="src\scene\MgrSpacetime.cpp" />
    <ClCompile Include="src\util\MgrUtil.cpp" />
    <ClCompile Include="src\Mogera.cpp" />
    <ClCompile Include="src\actor\BoardTest.cpp" />
    <ClCompile Include="src\actor\camera\MgrCameraWorker.cpp" />
    <ClCompile Include="src\actor\PointSpriteTest.cpp" />
    <ClCompile Include="src\actor\SmpActor1.cpp" />
    <ClCompile Include="src\actor\SmpActor2.cpp" />
    <ClCompile Include="src\actor\SmpSprite.cpp" />
    <ClCompile Include="src\actor\SmpPieGraphSprite.cpp" />
    <ClCompile Include="src\actor\BoardTest2.cpp" />
    <ClCompile Include="src\actor\SeActor3.cpp" />
    <ClCompile Include="src\scene\MgrSpacetime\MgrWorld\ParallelCurveTestScene.cpp" />
    <ClCompile Include="src\actor\EffectExplosion004.cpp" />
    <ClCompile Include="src\actor\EnemyIda.cpp" />
    <ClCompile Include="src\actor\EnemyIdaBase.cpp" />
    <ClCompile Include="src\actor\FormationParaCurve.cpp" />
    <ClCompile Include="src\actor\FormationZako.cpp" />
    <ClCompile Include="src\actor\FormationZako001.cpp" />
    <ClCompile Include="src\actor\Box.cpp" />
    <ClCompile Include="src\actor\AniTest.cpp" />
    <ClCompile Include="src\actor\AniTest2.cpp" />
    <ClCompile Include="src\actor\AniTest3.cpp" />
    <ClCompile Include="src\scene\MgrSpacetime\MgrWorld\SkinMeshAnimeTestScene.cpp" />
    <ClCompile Include="src\scene\MgrSpacetime\MgrWorld\TestScene.cpp" />
    <ClCompile Include="src\MgrCaretaker.cpp" />
    <ClCompile Include="src\actor\PointerTest.cpp" />
    <ClCompile Include="src\actor\ItemBoardTest.cpp" />
    <ClCompile Include="src\actor\LabelMenuItemFont01.cpp" />
  </ItemGroup>
  <ItemGroup>
    <ClInclude Include="src\actor\camera\MgrCamera.h" />
    <ClInclude Include="src\actor\camera\MgrCameraUpVector.h" />
    <ClInclude Include="src\actor\camera\MgrCameraViewPoint.h" />
    <ClInclude Include="src\actor\Zako.h" />
    <ClInclude Include="src\actor\Zakoko.h" />
    <ClInclude Include="src\scene\MgrSpacetime\MgrWorld\TrialAndErrScene.h" />
    <ClInclude Include="src\scene\MgrSpacetime\MgrWorld.h" />
    <ClInclude Include="src\scene\MgrSpacetime.h" />
    <ClInclude Include="src\util\MgrUtil.h" />
    <ClInclude Include="src\Mogera.h" />
    <ClInclude Include="src\actor\boardtest.h" />
    <ClInclude Include="src\actor\camera\mgrcameraworker.h" />
    <ClInclude Include="src\actor\PointSpriteTest.h" />
    <ClInclude Include="src\actor\smpactor1.h" />
    <ClInclude Include="src\actor\smpactor2.h" />
    <ClInclude Include="src\actor\smpsprite.h" />
    <ClInclude Include="src\actor\smppiegraphsprite.h" />
    <ClInclude Include="src\actor\SeActor3.h" />
    <ClInclude Include="src\scene\mgrspacetime\mgrworld\parallelcurvetestscene.h" />
    <ClInclude Include="src\actor\boardtest2.h" />
    <ClInclude Include="src\actor\effectexplosion004.h" />
    <ClInclude Include="src\actor\enemyida.h" />
    <ClInclude Include="src\actor\enemyidabase.h" />
    <ClInclude Include="src\actor\FormationParaCurve.h" />
    <ClInclude Include="src\actor\FormationZako.h" />
    <ClInclude Include="src\actor\FormationZako001.h" />
    <ClInclude Include="src\actor\Box.h" />
    <ClInclude Include="src\actor\anitest.h" />
    <ClInclude Include="src\actor\AniTest2.h" />
    <ClInclude Include="src\actor\AniTest3.h" />
    <ClInclude Include="src\scene\MgrSpacetime\MgrWorld\SkinMeshAnimeTestScene.h" />
    <ClInclude Include="src\scene\mgrspacetime\mgrworld\testscene.h" />
    <ClInclude Include="src\MgrCaretaker.h" />
    <ClInclude Include="src\actor\pointertest.h" />
    <ClInclude Include="src\actor\ItemBoardTest.h" />
    <ClInclude Include="src\actor\labelmenuitemfont01.h" />
  </ItemGroup>
</Project>