<?xml version="1.0" encoding="utf-8"?>
<Project ToolsVersion="4.0" xmlns="http://schemas.microsoft.com/developer/msbuild/2003">
  <ItemGroup>
    <Filter Include="リソース ファイル">
      <UniqueIdentifier>{67DA6AB6-F800-4c08-8B7A-83BB121AAD01}</UniqueIdentifier>
      <Extensions>rc;ico;cur;bmp;dlg;rc2;rct;bin;rgs;gif;jpg;jpeg;jpe;resx;tiff;tif;png;wav;mfcribbon-ms</Extensions>
    </Filter>
  </ItemGroup>
  <ItemGroup>
    <ClCompile Include="src\actor\camera\MgrCamera.cpp" />
    <ClCompile Include="src\actor\camera\MgrCameraUpVector.cpp" />
    <ClCompile Include="src\actor\camera\MgrCameraViewPoint.cpp" />
    <ClCompile Include="src\actor\camera\MgrCameraWorker.cpp" />
    <ClCompile Include="src\actor\camera\MgrMouseCamWorker.cpp" />
    <ClCompile Include="src\scene\MgrUniverse\MgrWorld.cpp" />
    <ClCompile Include="src\scene\MgrUniverse.cpp" />
    <ClCompile Include="src\util\MgrUtil.cpp" />
    <ClCompile Include="src\MgrGod.cpp" />
    <ClCompile Include="src\Mogera.cpp" />
    <ClCompile Include="src\actor\Zako001.cpp" />
  </ItemGroup>
  <ItemGroup>
    <ClInclude Include="src\actor\camera\MgrCamera.h" />
    <ClInclude Include="src\actor\camera\MgrCameraUpVector.h" />
    <ClInclude Include="src\actor\camera\MgrCameraViewPoint.h" />
    <ClInclude Include="src\actor\camera\MgrCameraWorker.h" />
    <ClInclude Include="src\actor\camera\MgrMouseCamWorker.h" />
    <ClInclude Include="src\scene\MgrUniverse\MgrWorld.h" />
    <ClInclude Include="src\scene\MgrUniverse.h" />
    <ClInclude Include="src\util\MgrUtil.h" />
    <ClInclude Include="src\MgrGod.h" />
    <ClInclude Include="src\Mogera.h" />
    <ClInclude Include="src\actor\zako001.h" />
  </ItemGroup>
</Project>